
Microsoft Visual Studio Solution File, Format Version 12.00
# Visual Studio Version 17
VisualStudioVersion = 17.7.34221.43
MinimumVisualStudioVersion = 10.0.40219.1
Project("{888888A0-9F3D-457C-B088-3A5042F75D52}") = "TeamDori_Assignment06", "TeamDori_Assignment06\TeamDori_Assignment06.pyproj", "{55719111-920E-4156-BFEF-45A59B277C32}"
EndProject
Global
	GlobalSection(SolutionConfigurationPlatforms) = preSolution
		Debug|Any CPU = Debug|Any CPU
		Release|Any CPU = Release|Any CPU
	EndGlobalSection
	GlobalSection(ProjectConfigurationPlatforms) = postSolution
		{55719111-920E-4156-BFEF-45A59B277C32}.Debug|Any CPU.ActiveCfg = Debug|Any CPU
		{55719111-920E-4156-BFEF-45A59B277C32}.Release|Any CPU.ActiveCfg = Release|Any CPU
	EndGlobalSection
	GlobalSection(SolutionProperties) = preSolution
		HideSolutionNode = FALSE
	EndGlobalSection
	GlobalSection(ExtensibilityGlobals) = postSolution
		SolutionGuid = {614A5BA5-A201-432F-89A3-4F0F6E593A47}
	EndGlobalSection
EndGlobal
